{
  "name": "preload",
  "lockfileVersion": 3,
  "requires": true,
  "packages": {
    "": {
      "dependencies": {
        "chardet": "^2.1.0",
        "iconv-lite": "^0.6.3",
        "isbinaryfile": "^5.0.4"
      }
    },
    "node_modules/chardet": {
      "version": "2.1.0",
      "resolved": "https://registry.npmjs.org/chardet/-/chardet-2.1.0.tgz",
      "integrity": "sha512-bNFETTG/pM5ryzQ9Ad0lJOTa6HWD/YsScAR3EnCPZRPlQh77JocYktSHOUHelyhm8IARL+o4c4F1bP5KVOjiRA==",
      "license": "MIT"
    },
    "node_modules/iconv-lite": {
      "version": "0.6.3",
      "resolved": "https://registry.npmjs.org/iconv-lite/-/iconv-lite-0.6.3.tgz",
      "integrity": "sha512-4fCk79wshMdzMp2rH06qWrJE4iolqLhCUH+OiuIgU++RB0+94NlDL81atO7GX55uUKueo0txHNtvEyI6D7WdMw==",
      "dependencies": {
        "safer-buffer": ">= 2.1.2 < 3.0.0"
      },
      "engines": {
        "node": ">=0.10.0"
      }
    },
    "node_modules/isbinaryfile": {
      "version": "5.0.4",
      "resolved": "https://registry.npmjs.org/isbinaryfile/-/isbinaryfile-5.0.4.tgz",
      "integrity": "sha512-YKBKVkKhty7s8rxddb40oOkuP0NbaeXrQvLin6QMHL7Ypiy2RW9LwOVrVgZRyOrhQlayMd9t+D8yDy8MKFTSDQ==",
      "license": "MIT",
      "engines": {
        "node": ">= 18.0.0"
      },
      "funding": {
        "url": "https://github.com/sponsors/gjtorikian/"
      }
    },
    "node_modules/safer-buffer": {
      "version": "2.1.2",
      "resolved": "https://registry.npmjs.org/safer-buffer/-/safer-buffer-2.1.2.tgz",
      "integrity": "sha512-YZo3K82SD7Riyi0E1EQPojLz7kpepnSQI9IyPbHHg1XXXevb5dJI7tpyN2ADxGcQbHG7vcyRHk0cbwqcQriUtg=="
    }
  }
}
