{
  "name": "preload",
  "lockfileVersion": 3,
  "requires": true,
  "packages": {
    "": {
      "dependencies": {
        "chardet": "^1.4.0",
        "iconv-lite": "^0.6.3",
        "isbinaryfile": "^5.0.0"
      }
    },
    "node_modules/chardet": {
      "version": "1.5.1",
      "resolved": "https://registry.npmjs.org/chardet/-/chardet-1.5.1.tgz",
      "integrity": "sha512-0XMOtA52igKDOIfvJZJ6v0+J9yMF3IuYyEa5oFUxBXA01G6mwCNKpul3bgbFf7lmZuqwN/oyg/zQ1cGS7NyJkQ=="
    },
    "node_modules/iconv-lite": {
      "version": "0.6.3",
      "resolved": "https://registry.npmjs.org/iconv-lite/-/iconv-lite-0.6.3.tgz",
      "integrity": "sha512-4fCk79wshMdzMp2rH06qWrJE4iolqLhCUH+OiuIgU++RB0+94NlDL81atO7GX55uUKueo0txHNtvEyI6D7WdMw==",
      "dependencies": {
        "safer-buffer": ">= 2.1.2 < 3.0.0"
      },
      "engines": {
        "node": ">=0.10.0"
      }
    },
    "node_modules/isbinaryfile": {
      "version": "5.0.0",
      "resolved": "https://registry.npmjs.org/isbinaryfile/-/isbinaryfile-5.0.0.tgz",
      "integrity": "sha512-UDdnyGvMajJUWCkib7Cei/dvyJrrvo4FIrsvSFWdPpXSUorzXrDJ0S+X5Q4ZlasfPjca4yqCNNsjbCeiy8FFeg==",
      "engines": {
        "node": ">= 14.0.0"
      },
      "funding": {
        "url": "https://github.com/sponsors/gjtorikian/"
      }
    },
    "node_modules/safer-buffer": {
      "version": "2.1.2",
      "resolved": "https://registry.npmjs.org/safer-buffer/-/safer-buffer-2.1.2.tgz",
      "integrity": "sha512-YZo3K82SD7Riyi0E1EQPojLz7kpepnSQI9IyPbHHg1XXXevb5dJI7tpyN2ADxGcQbHG7vcyRHk0cbwqcQriUtg=="
    }
  }
}
